schema: '2.0'
stages:
  stage_01:
    cmd: python stage_01.py
    deps:
    - path: stage_01.py
      hash: md5
      md5: 52e12b4221358376fe7397de4a582837
      size: 96
    outs:
    - path: artifacts.txt
      hash: md5
      md5: 60930e4b09061adb944f068a6e27eee8
      size: 36
  stage_02:
    cmd: python stage_02.py
    deps:
    - path: artifacts.txt
      hash: md5
      md5: 60930e4b09061adb944f068a6e27eee8
      size: 36
    - path: stage_02.py
      hash: md5
      md5: 282598e6a2f9abb7478e66a9521c8491
      size: 105
  stage_03:
    cmd: python stage_03.py
    deps:
    - path: artifacts.txt
      hash: md5
      md5: 68388b617edc7c0d67a2d94672c91a4c
      size: 57
    - path: stage_03.py
      hash: md5
      md5: 0a4d8de326737b5f7666504305a2abe9
      size: 195
